
Microsoft Visual Studio Solution File, Format Version 12.00
# Visual Studio Version 17
VisualStudioVersion = 17.8.34309.116
MinimumVisualStudioVersion = 10.0.40219.1
Project("{FAE04EC0-301F-11D3-BF4B-00C04F79EFBC}") = "ДЗ", "ДЗ\ДЗ.csproj", "{EA2650B2-DAD9-4E97-A3FC-DE21ED3ADDB0}"
EndProject
Global
	GlobalSection(SolutionConfigurationPlatforms) = preSolution
		Debug|Any CPU = Debug|Any CPU
		Release|Any CPU = Release|Any CPU
	EndGlobalSection
	GlobalSection(ProjectConfigurationPlatforms) = postSolution
		{EA2650B2-DAD9-4E97-A3FC-DE21ED3ADDB0}.Debug|Any CPU.ActiveCfg = Debug|Any CPU
		{EA2650B2-DAD9-4E97-A3FC-DE21ED3ADDB0}.Debug|Any CPU.Build.0 = Debug|Any CPU
		{EA2650B2-DAD9-4E97-A3FC-DE21ED3ADDB0}.Release|Any CPU.ActiveCfg = Release|Any CPU
		{EA2650B2-DAD9-4E97-A3FC-DE21ED3ADDB0}.Release|Any CPU.Build.0 = Release|Any CPU
	EndGlobalSection
	GlobalSection(SolutionProperties) = preSolution
		HideSolutionNode = FALSE
	EndGlobalSection
	GlobalSection(ExtensibilityGlobals) = postSolution
		SolutionGuid = {369C8A32-E4D6-489F-B888-A53738F1C87D}
	EndGlobalSection
EndGlobal
